{
  "pins" : [
    {
      "identity" : "openuxkit",
      "kind" : "remoteSourceControl",
      "location" : "https://github.com/OpenUXKit/OpenUXKit",
      "state" : {
        "branch" : "main",
        "revision" : "78a653d61b8e4175c367b1a11120088135085bca"
      }
    },
    {
      "identity" : "rxswift",
      "kind" : "remoteSourceControl",
      "location" : "https://github.com/ReactiveX/RxSwift",
      "state" : {
        "revision" : "5dd1907d64f0d36f158f61a466bab75067224893",
        "version" : "6.9.0"
      }
    }
  ],
  "version" : 2
}
