{
  "pins" : [
    {
      "identity" : "openuxkit",
      "kind" : "remoteSourceControl",
      "location" : "https://github.com/OpenUXKit/OpenUXKit",
      "state" : {
        "branch" : "main",
        "revision" : "265ac28e2fe7741369584f931ed7a78b838141d5"
      }
    },
    {
      "identity" : "rxswift",
      "kind" : "remoteSourceControl",
      "location" : "https://github.com/ReactiveX/RxSwift",
      "state" : {
        "revision" : "b06a8c8596e4c3e8e7788e08e720e3248563ce6a",
        "version" : "6.7.1"
      }
    }
  ],
  "version" : 2
}
