{
  "pins" : [
    {
      "identity" : "openuxkit",
      "kind" : "remoteSourceControl",
      "location" : "https://github.com/OpenUXKit/OpenUXKit",
      "state" : {
        "branch" : "main",
        "revision" : "a1420f79194cc47d059be236b5de462f38666a12"
      }
    },
    {
      "identity" : "rxswift",
      "kind" : "remoteSourceControl",
      "location" : "https://github.com/ReactiveX/RxSwift",
      "state" : {
        "revision" : "b06a8c8596e4c3e8e7788e08e720e3248563ce6a",
        "version" : "6.7.1"
      }
    }
  ],
  "version" : 2
}
